<?xml version="1.0" encoding="utf-8"?>
<Project ToolsVersion="4.0" xmlns="http://schemas.microsoft.com/developer/msbuild/2003">
  <ItemGroup>
    <Filter Include="Source Files">
      <UniqueIdentifier>{4FC737F1-C7A5-4376-A066-2A32D752A2FF}</UniqueIdentifier>
      <Extensions>cpp;c;cc;cxx;def;odl;idl;hpj;bat;asm;asmx</Extensions>
    </Filter>
    <Filter Include="Source Files\XML">
      <UniqueIdentifier>{17183408-57d5-4a4c-bdb4-45d2aff90174}</UniqueIdentifier>
    </Filter>
    <Filter Include="Source Files\GameDesc">
      <UniqueIdentifier>{7bcfd468-04ab-41a7-8618-74e1ac054523}</UniqueIdentifier>
    </Filter>
  </ItemGroup>
  <ItemGroup>
    <ClCompile Include="tinystr.cpp">
      <Filter>Source Files\XML</Filter>
    </ClCompile>
    <ClCompile Include="tinyxmlparser.cpp">
      <Filter>Source Files\XML</Filter>
    </ClCompile>
    <ClCompile Include="tinyxml.cpp">
      <Filter>Source Files\XML</Filter>
    </ClCompile>
    <ClCompile Include="tinyxmlerror.cpp">
      <Filter>Source Files\XML</Filter>
    </ClCompile>
    <ClCompile Include="GameDescriptor.cpp">
      <Filter>Source Files\GameDesc</Filter>
    </ClCompile>
  </ItemGroup>
  <ItemGroup>
    <ClInclude Include="tinystr.h">
      <Filter>Source Files\XML</Filter>
    </ClInclude>
    <ClInclude Include="tinyxml.h">
      <Filter>Source Files\XML</Filter>
    </ClInclude>
    <ClInclude Include="GameDescriptor.h">
      <Filter>Source Files\GameDesc</Filter>
    </ClInclude>
  </ItemGroup>
</Project>